
Microsoft Visual Studio Solution File, Format Version 12.00
# Visual Studio Version 17
VisualStudioVersion = 17.11.35219.272
MinimumVisualStudioVersion = 10.0.40219.1
Project("{FAE04EC0-301F-11D3-BF4B-00C04F79EFBC}") = "Football_League_DB", "Football_League_DB\Football_League_DB.csproj", "{50F63B4A-6004-4699-867D-8C3D03CBB7B4}"
EndProject
Global
	GlobalSection(SolutionConfigurationPlatforms) = preSolution
		Debug|Any CPU = Debug|Any CPU
		Release|Any CPU = Release|Any CPU
	EndGlobalSection
	GlobalSection(ProjectConfigurationPlatforms) = postSolution
		{50F63B4A-6004-4699-867D-8C3D03CBB7B4}.Debug|Any CPU.ActiveCfg = Debug|Any CPU
		{50F63B4A-6004-4699-867D-8C3D03CBB7B4}.Debug|Any CPU.Build.0 = Debug|Any CPU
		{50F63B4A-6004-4699-867D-8C3D03CBB7B4}.Release|Any CPU.ActiveCfg = Release|Any CPU
		{50F63B4A-6004-4699-867D-8C3D03CBB7B4}.Release|Any CPU.Build.0 = Release|Any CPU
	EndGlobalSection
	GlobalSection(SolutionProperties) = preSolution
		HideSolutionNode = FALSE
	EndGlobalSection
	GlobalSection(ExtensibilityGlobals) = postSolution
		SolutionGuid = {A56B6839-6F96-4DE9-9331-2A2A8F6F4140}
	EndGlobalSection
EndGlobal
